// !$*UTF8*$!
{
	archiveVersion = 1;
	classes = {
	};
	objectVersion = 50;
	objects = {

/* Begin PBXBuildFile section */
		8657FFA9227B60BA0090853F /* CategoryViewController.swift in Sources */ = {isa = PBXBuildFile; fileRef = 8657FFA8227B60BA0090853F /* CategoryViewController.swift */; };
		865E15E122762A6100C6BC49 /* DataModel.xcdatamodeld in Sources */ = {isa = PBXBuildFile; fileRef = 865E15DF22762A6100C6BC49 /* DataModel.xcdatamodeld */; };
		867316742264AB3F00D3BCC6 /* AppDelegate.swift in Sources */ = {isa = PBXBuildFile; fileRef = 867316732264AB3F00D3BCC6 /* AppDelegate.swift */; };
		867316762264AB3F00D3BCC6 /* ToDoViewController.swift in Sources */ = {isa = PBXBuildFile; fileRef = 867316752264AB3F00D3BCC6 /* ToDoViewController.swift */; };
		867316792264AB3F00D3BCC6 /* Main.storyboard in Resources */ = {isa = PBXBuildFile; fileRef = 867316772264AB3F00D3BCC6 /* Main.storyboard */; };
		8673167B2264AB4100D3BCC6 /* Assets.xcassets in Resources */ = {isa = PBXBuildFile; fileRef = 8673167A2264AB4100D3BCC6 /* Assets.xcassets */; };
		8673167E2264AB4100D3BCC6 /* LaunchScreen.storyboard in Resources */ = {isa = PBXBuildFile; fileRef = 8673167C2264AB4100D3BCC6 /* LaunchScreen.storyboard */; };
		86FA35932264B8AD000A526C /* .gitignore in Resources */ = {isa = PBXBuildFile; fileRef = 86FA35922264B8AD000A526C /* .gitignore */; };
/* End PBXBuildFile section */

/* Begin PBXFileReference section */
		8657FFA8227B60BA0090853F /* CategoryViewController.swift */ = {isa = PBXFileReference; lastKnownFileType = sourcecode.swift; path = CategoryViewController.swift; sourceTree = "<group>"; };
		865E15E022762A6100C6BC49 /* DataModel.xcdatamodel */ = {isa = PBXFileReference; lastKnownFileType = wrapper.xcdatamodel; path = DataModel.xcdatamodel; sourceTree = "<group>"; };
		867316702264AB3F00D3BCC6 /* ToDoApp.app */ = {isa = PBXFileReference; explicitFileType = wrapper.application; includeInIndex = 0; path = ToDoApp.app; sourceTree = BUILT_PRODUCTS_DIR; };
		867316732264AB3F00D3BCC6 /* AppDelegate.swift */ = {isa = PBXFileReference; lastKnownFileType = sourcecode.swift; path = AppDelegate.swift; sourceTree = "<group>"; };
		867316752264AB3F00D3BCC6 /* ToDoViewController.swift */ = {isa = PBXFileReference; lastKnownFileType = sourcecode.swift; path = ToDoViewController.swift; sourceTree = "<group>"; };
		867316782264AB3F00D3BCC6 /* Base */ = {isa = PBXFileReference; lastKnownFileType = file.storyboard; name = Base; path = Base.lproj/Main.storyboard; sourceTree = "<group>"; };
		8673167A2264AB4100D3BCC6 /* Assets.xcassets */ = {isa = PBXFileReference; lastKnownFileType = folder.assetcatalog; path = Assets.xcassets; sourceTree = "<group>"; };
		8673167D2264AB4100D3BCC6 /* Base */ = {isa = PBXFileReference; lastKnownFileType = file.storyboard; name = Base; path = Base.lproj/LaunchScreen.storyboard; sourceTree = "<group>"; };
		8673167F2264AB4100D3BCC6 /* Info.plist */ = {isa = PBXFileReference; lastKnownFileType = text.plist.xml; path = Info.plist; sourceTree = "<group>"; };
		86FA35922264B8AD000A526C /* .gitignore */ = {isa = PBXFileReference; lastKnownFileType = text; path = .gitignore; sourceTree = "<group>"; };
/* End PBXFileReference section */

/* Begin PBXFrameworksBuildPhase section */
		8673166D2264AB3F00D3BCC6 /* Frameworks */ = {
			isa = PBXFrameworksBuildPhase;
			buildActionMask = 2147483647;
			files = (
			);
			runOnlyForDeploymentPostprocessing = 0;
		};
/* End PBXFrameworksBuildPhase section */

/* Begin PBXGroup section */
		86234509226603D600299939 /* Models */ = {
			isa = PBXGroup;
			children = (
				865E15DF22762A6100C6BC49 /* DataModel.xcdatamodeld */,
			);
			path = Models;
			sourceTree = "<group>";
		};
		866FDE1F2266046D002FD8B2 /* Views */ = {
			isa = PBXGroup;
			children = (
				8673167C2264AB4100D3BCC6 /* LaunchScreen.storyboard */,
				867316772264AB3F00D3BCC6 /* Main.storyboard */,
			);
			path = Views;
			sourceTree = "<group>";
		};
		866FDE202266047C002FD8B2 /* Controllers */ = {
			isa = PBXGroup;
			children = (
				8657FFA8227B60BA0090853F /* CategoryViewController.swift */,
				867316752264AB3F00D3BCC6 /* ToDoViewController.swift */,
			);
			path = Controllers;
			sourceTree = "<group>";
		};
		867316672264AB3F00D3BCC6 = {
			isa = PBXGroup;
			children = (
				86FA35922264B8AD000A526C /* .gitignore */,
				867316722264AB3F00D3BCC6 /* ToDoApp */,
				867316712264AB3F00D3BCC6 /* Products */,
			);
			sourceTree = "<group>";
		};
		867316712264AB3F00D3BCC6 /* Products */ = {
			isa = PBXGroup;
			children = (
				867316702264AB3F00D3BCC6 /* ToDoApp.app */,
			);
			name = Products;
			sourceTree = "<group>";
		};
		867316722264AB3F00D3BCC6 /* ToDoApp */ = {
			isa = PBXGroup;
			children = (
				867316732264AB3F00D3BCC6 /* AppDelegate.swift */,
				86234509226603D600299939 /* Models */,
				866FDE202266047C002FD8B2 /* Controllers */,
				866FDE1F2266046D002FD8B2 /* Views */,
				8673167A2264AB4100D3BCC6 /* Assets.xcassets */,
				8673167F2264AB4100D3BCC6 /* Info.plist */,
			);
			path = ToDoApp;
			sourceTree = "<group>";
		};
/* End PBXGroup section */

/* Begin PBXNativeTarget section */
		8673166F2264AB3F00D3BCC6 /* ToDoApp */ = {
			isa = PBXNativeTarget;
			buildConfigurationList = 867316822264AB4100D3BCC6 /* Build configuration list for PBXNativeTarget "ToDoApp" */;
			buildPhases = (
				8673166C2264AB3F00D3BCC6 /* Sources */,
				8673166D2264AB3F00D3BCC6 /* Frameworks */,
				8673166E2264AB3F00D3BCC6 /* Resources */,
			);
			buildRules = (
			);
			dependencies = (
			);
			name = ToDoApp;
			productName = ToDoApp;
			productReference = 867316702264AB3F00D3BCC6 /* ToDoApp.app */;
			productType = "com.apple.product-type.application";
		};
/* End PBXNativeTarget section */

/* Begin PBXProject section */
		867316682264AB3F00D3BCC6 /* Project object */ = {
			isa = PBXProject;
			attributes = {
				LastSwiftUpdateCheck = 1020;
				LastUpgradeCheck = 1020;
				ORGANIZATIONNAME = Vladislav;
				TargetAttributes = {
					8673166F2264AB3F00D3BCC6 = {
						CreatedOnToolsVersion = 10.2;
					};
				};
			};
			buildConfigurationList = 8673166B2264AB3F00D3BCC6 /* Build configuration list for PBXProject "ToDoApp" */;
			compatibilityVersion = "Xcode 9.3";
			developmentRegion = en;
			hasScannedForEncodings = 0;
			knownRegions = (
				en,
				Base,
			);
			mainGroup = 867316672264AB3F00D3BCC6;
			productRefGroup = 867316712264AB3F00D3BCC6 /* Products */;
			projectDirPath = "";
			projectRoot = "";
			targets = (
				8673166F2264AB3F00D3BCC6 /* ToDoApp */,
			);
		};
/* End PBXProject section */

/* Begin PBXResourcesBuildPhase section */
		8673166E2264AB3F00D3BCC6 /* Resources */ = {
			isa = PBXResourcesBuildPhase;
			buildActionMask = 2147483647;
			files = (
				86FA35932264B8AD000A526C /* .gitignore in Resources */,
				8673167E2264AB4100D3BCC6 /* LaunchScreen.storyboard in Resources */,
				8673167B2264AB4100D3BCC6 /* Assets.xcassets in Resources */,
				867316792264AB3F00D3BCC6 /* Main.storyboard in Resources */,
			);
			runOnlyForDeploymentPostprocessing = 0;
		};
/* End PBXResourcesBuildPhase section */

/* Begin PBXSourcesBuildPhase section */
		8673166C2264AB3F00D3BCC6 /* Sources */ = {
			isa = PBXSourcesBuildPhase;
			buildActionMask = 2147483647;
			files = (
				8657FFA9227B60BA0090853F /* CategoryViewController.swift in Sources */,
				867316762264AB3F00D3BCC6 /* ToDoViewController.swift in Sources */,
				865E15E122762A6100C6BC49 /* DataModel.xcdatamodeld in Sources */,
				867316742264AB3F00D3BCC6 /* AppDelegate.swift in Sources */,
			);
			runOnlyForDeploymentPostprocessing = 0;
		};
/* End PBXSourcesBuildPhase section */

/* Begin PBXVariantGroup section */
		867316772264AB3F00D3BCC6 /* Main.storyboard */ = {
			isa = PBXVariantGroup;
			children = (
				867316782264AB3F00D3BCC6 /* Base */,
			);
			name = Main.storyboard;
			sourceTree = "<group>";
		};
		8673167C2264AB4100D3BCC6 /* LaunchScreen.storyboard */ = {
			isa = PBXVariantGroup;
			children = (
				8673167D2264AB4100D3BCC6 /* Base */,
			);
			name = LaunchScreen.storyboard;
			sourceTree = "<group>";
		};
/* End PBXVariantGroup section */

/* Begin XCBuildConfiguration section */
		867316802264AB4100D3BCC6 /* Debug */ = {
			isa = XCBuildConfiguration;
			buildSettings = {
				ALWAYS_SEARCH_USER_PATHS = NO;
				CLANG_ANALYZER_NONNULL = YES;
				CLANG_ANALYZER_NUMBER_OBJECT_CONVERSION = YES_AGGRESSIVE;
				CLANG_CXX_LANGUAGE_STANDARD = "gnu++14";
				CLANG_CXX_LIBRARY = "libc++";
				CLANG_ENABLE_MODULES = YES;
				CLANG_ENABLE_OBJC_ARC = YES;
				CLANG_ENABLE_OBJC_WEAK = YES;
				CLANG_WARN_BLOCK_CAPTURE_AUTORELEASING = YES;
				CLANG_WARN_BOOL_CONVERSION = YES;
				CLANG_WARN_COMMA = YES;
				CLANG_WARN_CONSTANT_CONVERSION = YES;
				CLANG_WARN_DEPRECATED_OBJC_IMPLEMENTATIONS = YES;
				CLANG_WARN_DIRECT_OBJC_ISA_USAGE = YES_ERROR;
				CLANG_WARN_DOCUMENTATION_COMMENTS = YES;
				CLANG_WARN_EMPTY_BODY = YES;
				CLANG_WARN_ENUM_CONVERSION = YES;
				CLANG_WARN_INFINITE_RECURSION = YES;
				CLANG_WARN_INT_CONVERSION = YES;
				CLANG_WARN_NON_LITERAL_NULL_CONVERSION = YES;
				CLANG_WARN_OBJC_IMPLICIT_RETAIN_SELF = YES;
				CLANG_WARN_OBJC_LITERAL_CONVERSION = YES;
				CLANG_WARN_OBJC_ROOT_CLASS = YES_ERROR;
				CLANG_WARN_RANGE_LOOP_ANALYSIS = YES;
				CLANG_WARN_STRICT_PROTOTYPES = YES;
				CLANG_WARN_SUSPICIOUS_MOVE = YES;
				CLANG_WARN_UNGUARDED_AVAILABILITY = YES_AGGRESSIVE;
				CLANG_WARN_UNREACHABLE_CODE = YES;
				CLANG_WARN__DUPLICATE_METHOD_MATCH = YES;
				CODE_SIGN_IDENTITY = "iPhone Developer";
				COPY_PHASE_STRIP = NO;
				DEBUG_INFORMATION_FORMAT = dwarf;
				ENABLE_STRICT_OBJC_MSGSEND = YES;
				ENABLE_TESTABILITY = YES;
				GCC_C_LANGUAGE_STANDARD = gnu11;
				GCC_DYNAMIC_NO_PIC = NO;
				GCC_NO_COMMON_BLOCKS = YES;
				GCC_OPTIMIZATION_LEVEL = 0;
				GCC_PREPROCESSOR_DEFINITIONS = (
					"DEBUG=1",
					"$(inherited)",
				);
				GCC_WARN_64_TO_32_BIT_CONVERSION = YES;
				GCC_WARN_ABOUT_RETURN_TYPE = YES_ERROR;
				GCC_WARN_UNDECLARED_SELECTOR = YES;
				GCC_WARN_UNINITIALIZED_AUTOS = YES_AGGRESSIVE;
				GCC_WARN_UNUSED_FUNCTION = YES;
				GCC_WARN_UNUSED_VARIABLE = YES;
				IPHONEOS_DEPLOYMENT_TARGET = 12.2;
				MTL_ENABLE_DEBUG_INFO = INCLUDE_SOURCE;
				MTL_FAST_MATH = YES;
				ONLY_ACTIVE_ARCH = YES;
				SDKROOT = iphoneos;
				SWIFT_ACTIVE_COMPILATION_CONDITIONS = DEBUG;
				SWIFT_OPTIMIZATION_LEVEL = "-Onone";
			};
			name = Debug;
		};
		867316812264AB4100D3BCC6 /* Release */ = {
			isa = XCBuildConfiguration;
			buildSettings = {
				ALWAYS_SEARCH_USER_PATHS = NO;
				CLANG_ANALYZER_NONNULL = YES;
				CLANG_ANALYZER_NUMBER_OBJECT_CONVERSION = YES_AGGRESSIVE;
				CLANG_CXX_LANGUAGE_STANDARD = "gnu++14";
				CLANG_CXX_LIBRARY = "libc++";
				CLANG_ENABLE_MODULES = YES;
				CLANG_ENABLE_OBJC_ARC = YES;
				CLANG_ENABLE_OBJC_WEAK = YES;
				CLANG_WARN_BLOCK_CAPTURE_AUTORELEASING = YES;
				CLANG_WARN_BOOL_CONVERSION = YES;
				CLANG_WARN_COMMA = YES;
				CLANG_WARN_CONSTANT_CONVERSION = YES;
				CLANG_WARN_DEPRECATED_OBJC_IMPLEMENTATIONS = YES;
				CLANG_WARN_DIRECT_OBJC_ISA_USAGE = YES_ERROR;
				CLANG_WARN_DOCUMENTATION_COMMENTS = YES;
				CLANG_WARN_EMPTY_BODY = YES;
				CLANG_WARN_ENUM_CONVERSION = YES;
				CLANG_WARN_INFINITE_RECURSION = YES;
				CLANG_WARN_INT_CONVERSION = YES;
				CLANG_WARN_NON_LITERAL_NULL_CONVERSION = YES;
				CLANG_WARN_OBJC_IMPLICIT_RETAIN_SELF = YES;
				CLANG_WARN_OBJC_LITERAL_CONVERSION = YES;
				CLANG_WARN_OBJC_ROOT_CLASS = YES_ERROR;
				CLANG_WARN_RANGE_LOOP_ANALYSIS = YES;
				CLANG_WARN_STRICT_PROTOTYPES = YES;
				CLANG_WARN_SUSPICIOUS_MOVE = YES;
				CLANG_WARN_UNGUARDED_AVAILABILITY = YES_AGGRESSIVE;
				CLANG_WARN_UNREACHABLE_CODE = YES;
				CLANG_WARN__DUPLICATE_METHOD_MATCH = YES;
				CODE_SIGN_IDENTITY = "iPhone Developer";
				COPY_PHASE_STRIP = NO;
				DEBUG_INFORMATION_FORMAT = "dwarf-with-dsym";
				ENABLE_NS_ASSERTIONS = NO;
				ENABLE_STRICT_OBJC_MSGSEND = YES;
				GCC_C_LANGUAGE_STANDARD = gnu11;
				GCC_NO_COMMON_BLOCKS = YES;
				GCC_WARN_64_TO_32_BIT_CONVERSION = YES;
				GCC_WARN_ABOUT_RETURN_TYPE = YES_ERROR;
				GCC_WARN_UNDECLARED_SELECTOR = YES;
				GCC_WARN_UNINITIALIZED_AUTOS = YES_AGGRESSIVE;
				GCC_WARN_UNUSED_FUNCTION = YES;
				GCC_WARN_UNUSED_VARIABLE = YES;
				IPHONEOS_DEPLOYMENT_TARGET = 12.2;
				MTL_ENABLE_DEBUG_INFO = NO;
				MTL_FAST_MATH = YES;
				SDKROOT = iphoneos;
				SWIFT_COMPILATION_MODE = wholemodule;
				SWIFT_OPTIMIZATION_LEVEL = "-O";
				VALIDATE_PRODUCT = YES;
			};
			name = Release;
		};
		867316832264AB4100D3BCC6 /* Debug */ = {
			isa = XCBuildConfiguration;
			buildSettings = {
				ASSETCATALOG_COMPILER_APPICON_NAME = AppIcon;
				CODE_SIGN_STYLE = Automatic;
				DEVELOPMENT_TEAM = LLK6Q8YT4F;
				INFOPLIST_FILE = ToDoApp/Info.plist;
				LD_RUNPATH_SEARCH_PATHS = (
					"$(inherited)",
					"@executable_path/Frameworks",
				);
				PRODUCT_BUNDLE_IDENTIFIER = com.vladg.ToDoApp;
				PRODUCT_NAME = "$(TARGET_NAME)";
				SWIFT_VERSION = 5.0;
				TARGETED_DEVICE_FAMILY = "1,2";
			};
			name = Debug;
		};
		867316842264AB4100D3BCC6 /* Release */ = {
			isa = XCBuildConfiguration;
			buildSettings = {
				ASSETCATALOG_COMPILER_APPICON_NAME = AppIcon;
				CODE_SIGN_STYLE = Automatic;
				DEVELOPMENT_TEAM = LLK6Q8YT4F;
				INFOPLIST_FILE = ToDoApp/Info.plist;
				LD_RUNPATH_SEARCH_PATHS = (
					"$(inherited)",
					"@executable_path/Frameworks",
				);
				PRODUCT_BUNDLE_IDENTIFIER = com.vladg.ToDoApp;
				PRODUCT_NAME = "$(TARGET_NAME)";
				SWIFT_VERSION = 5.0;
				TARGETED_DEVICE_FAMILY = "1,2";
			};
			name = Release;
		};
/* End XCBuildConfiguration section */

/* Begin XCConfigurationList section */
		8673166B2264AB3F00D3BCC6 /* Build configuration list for PBXProject "ToDoApp" */ = {
			isa = XCConfigurationList;
			buildConfigurations = (
				867316802264AB4100D3BCC6 /* Debug */,
				867316812264AB4100D3BCC6 /* Release */,
			);
			defaultConfigurationIsVisible = 0;
			defaultConfigurationName = Release;
		};
		867316822264AB4100D3BCC6 /* Build configuration list for PBXNativeTarget "ToDoApp" */ = {
			isa = XCConfigurationList;
			buildConfigurations = (
				867316832264AB4100D3BCC6 /* Debug */,
				867316842264AB4100D3BCC6 /* Release */,
			);
			defaultConfigurationIsVisible = 0;
			defaultConfigurationName = Release;
		};
/* End XCConfigurationList section */

/* Begin XCVersionGroup section */
		865E15DF22762A6100C6BC49 /* DataModel.xcdatamodeld */ = {
			isa = XCVersionGroup;
			children = (
				865E15E022762A6100C6BC49 /* DataModel.xcdatamodel */,
			);
			currentVersion = 865E15E022762A6100C6BC49 /* DataModel.xcdatamodel */;
			path = DataModel.xcdatamodeld;
			sourceTree = "<group>";
			versionGroupType = wrapper.xcdatamodel;
		};
/* End XCVersionGroup section */
	};
	rootObject = 867316682264AB3F00D3BCC6 /* Project object */;
}
